// !$*UTF8*$!
{
	archiveVersion = 1;
	classes = {
	};
	objectVersion = 56;
	objects = {

/* Begin PBXBuildFile section */
		1FEB2BFBE0035DB86A68C0C1 /* Pods_ArbuzApp.framework in Frameworks */ = {isa = PBXBuildFile; fileRef = CD4DC16C6E8337017DC91984 /* Pods_ArbuzApp.framework */; };
		9BA9E46A2A1CF7E000573ABA /* AppDelegate.swift in Sources */ = {isa = PBXBuildFile; fileRef = 9BA9E4692A1CF7E000573ABA /* AppDelegate.swift */; };
		9BA9E46C2A1CF7E000573ABA /* SceneDelegate.swift in Sources */ = {isa = PBXBuildFile; fileRef = 9BA9E46B2A1CF7E000573ABA /* SceneDelegate.swift */; };
		9BA9E4732A1CF7E300573ABA /* Assets.xcassets in Resources */ = {isa = PBXBuildFile; fileRef = 9BA9E4722A1CF7E300573ABA /* Assets.xcassets */; };
		9BA9E4762A1CF7E300573ABA /* LaunchScreen.storyboard in Resources */ = {isa = PBXBuildFile; fileRef = 9BA9E4742A1CF7E300573ABA /* LaunchScreen.storyboard */; };
		9BA9E47E2A1CF8C100573ABA /* BasketViewController.swift in Sources */ = {isa = PBXBuildFile; fileRef = 9BA9E47D2A1CF8C100573ABA /* BasketViewController.swift */; };
		9BA9E4802A1CFD4500573ABA /* ProductListViewController.swift in Sources */ = {isa = PBXBuildFile; fileRef = 9BA9E47F2A1CFD4500573ABA /* ProductListViewController.swift */; };
		9BA9E4832A1D0F7200573ABA /* Product.swift in Sources */ = {isa = PBXBuildFile; fileRef = 9BA9E4822A1D0F7200573ABA /* Product.swift */; };
		9BA9E4852A1D0F8B00573ABA /* ProductCollectionViewCell.swift in Sources */ = {isa = PBXBuildFile; fileRef = 9BA9E4842A1D0F8B00573ABA /* ProductCollectionViewCell.swift */; };
		9BA9E4872A1D0FB500573ABA /* ShoppingManager.swift in Sources */ = {isa = PBXBuildFile; fileRef = 9BA9E4862A1D0FB500573ABA /* ShoppingManager.swift */; };
		9BA9E48A2A1D177900573ABA /* BasketCell.swift in Sources */ = {isa = PBXBuildFile; fileRef = 9BA9E4892A1D177900573ABA /* BasketCell.swift */; };
/* End PBXBuildFile section */

/* Begin PBXFileReference section */
		09A107727E2DB9A62345C1C9 /* Pods-ArbuzApp.debug.xcconfig */ = {isa = PBXFileReference; includeInIndex = 1; lastKnownFileType = text.xcconfig; name = "Pods-ArbuzApp.debug.xcconfig"; path = "Target Support Files/Pods-ArbuzApp/Pods-ArbuzApp.debug.xcconfig"; sourceTree = "<group>"; };
		6F00ECB15FADF115086CC135 /* Pods-ArbuzApp.release.xcconfig */ = {isa = PBXFileReference; includeInIndex = 1; lastKnownFileType = text.xcconfig; name = "Pods-ArbuzApp.release.xcconfig"; path = "Target Support Files/Pods-ArbuzApp/Pods-ArbuzApp.release.xcconfig"; sourceTree = "<group>"; };
		9BA9E4662A1CF7E000573ABA /* ArbuzApp.app */ = {isa = PBXFileReference; explicitFileType = wrapper.application; includeInIndex = 0; path = ArbuzApp.app; sourceTree = BUILT_PRODUCTS_DIR; };
		9BA9E4692A1CF7E000573ABA /* AppDelegate.swift */ = {isa = PBXFileReference; lastKnownFileType = sourcecode.swift; path = AppDelegate.swift; sourceTree = "<group>"; };
		9BA9E46B2A1CF7E000573ABA /* SceneDelegate.swift */ = {isa = PBXFileReference; lastKnownFileType = sourcecode.swift; path = SceneDelegate.swift; sourceTree = "<group>"; };
		9BA9E4722A1CF7E300573ABA /* Assets.xcassets */ = {isa = PBXFileReference; lastKnownFileType = folder.assetcatalog; path = Assets.xcassets; sourceTree = "<group>"; };
		9BA9E4752A1CF7E300573ABA /* Base */ = {isa = PBXFileReference; lastKnownFileType = file.storyboard; name = Base; path = Base.lproj/LaunchScreen.storyboard; sourceTree = "<group>"; };
		9BA9E4772A1CF7E300573ABA /* Info.plist */ = {isa = PBXFileReference; lastKnownFileType = text.plist.xml; path = Info.plist; sourceTree = "<group>"; };
		9BA9E47D2A1CF8C100573ABA /* BasketViewController.swift */ = {isa = PBXFileReference; lastKnownFileType = sourcecode.swift; path = BasketViewController.swift; sourceTree = "<group>"; };
		9BA9E47F2A1CFD4500573ABA /* ProductListViewController.swift */ = {isa = PBXFileReference; lastKnownFileType = sourcecode.swift; path = ProductListViewController.swift; sourceTree = "<group>"; };
		9BA9E4822A1D0F7200573ABA /* Product.swift */ = {isa = PBXFileReference; lastKnownFileType = sourcecode.swift; path = Product.swift; sourceTree = "<group>"; };
		9BA9E4842A1D0F8B00573ABA /* ProductCollectionViewCell.swift */ = {isa = PBXFileReference; lastKnownFileType = sourcecode.swift; path = ProductCollectionViewCell.swift; sourceTree = "<group>"; };
		9BA9E4862A1D0FB500573ABA /* ShoppingManager.swift */ = {isa = PBXFileReference; lastKnownFileType = sourcecode.swift; path = ShoppingManager.swift; sourceTree = "<group>"; };
		9BA9E4892A1D177900573ABA /* BasketCell.swift */ = {isa = PBXFileReference; lastKnownFileType = sourcecode.swift; path = BasketCell.swift; sourceTree = "<group>"; };
		CD4DC16C6E8337017DC91984 /* Pods_ArbuzApp.framework */ = {isa = PBXFileReference; explicitFileType = wrapper.framework; includeInIndex = 0; path = Pods_ArbuzApp.framework; sourceTree = BUILT_PRODUCTS_DIR; };
/* End PBXFileReference section */

/* Begin PBXFrameworksBuildPhase section */
		9BA9E4632A1CF7E000573ABA /* Frameworks */ = {
			isa = PBXFrameworksBuildPhase;
			buildActionMask = 2147483647;
			files = (
				1FEB2BFBE0035DB86A68C0C1 /* Pods_ArbuzApp.framework in Frameworks */,
			);
			runOnlyForDeploymentPostprocessing = 0;
		};
/* End PBXFrameworksBuildPhase section */

/* Begin PBXGroup section */
		0428F88AEDBB3D4DB76D8EDA /* Pods */ = {
			isa = PBXGroup;
			children = (
				09A107727E2DB9A62345C1C9 /* Pods-ArbuzApp.debug.xcconfig */,
				6F00ECB15FADF115086CC135 /* Pods-ArbuzApp.release.xcconfig */,
			);
			path = Pods;
			sourceTree = "<group>";
		};
		9BA9E45D2A1CF7E000573ABA = {
			isa = PBXGroup;
			children = (
				9BA9E4682A1CF7E000573ABA /* ArbuzApp */,
				9BA9E4672A1CF7E000573ABA /* Products */,
				0428F88AEDBB3D4DB76D8EDA /* Pods */,
				C38249B05971A92411941C24 /* Frameworks */,
			);
			sourceTree = "<group>";
		};
		9BA9E4672A1CF7E000573ABA /* Products */ = {
			isa = PBXGroup;
			children = (
				9BA9E4662A1CF7E000573ABA /* ArbuzApp.app */,
			);
			name = Products;
			sourceTree = "<group>";
		};
		9BA9E4682A1CF7E000573ABA /* ArbuzApp */ = {
			isa = PBXGroup;
			children = (
				9BA9E4692A1CF7E000573ABA /* AppDelegate.swift */,
				9BA9E46B2A1CF7E000573ABA /* SceneDelegate.swift */,
				9BA9E4722A1CF7E300573ABA /* Assets.xcassets */,
				9BA9E4742A1CF7E300573ABA /* LaunchScreen.storyboard */,
				9BA9E4772A1CF7E300573ABA /* Info.plist */,
				9BA9E4862A1D0FB500573ABA /* ShoppingManager.swift */,
				9BA9E4812A1D0EFA00573ABA /* ProductList */,
				9BA9E4882A1D174600573ABA /* Basket */,
			);
			path = ArbuzApp;
			sourceTree = "<group>";
		};
		9BA9E4812A1D0EFA00573ABA /* ProductList */ = {
			isa = PBXGroup;
			children = (
				9BA9E47F2A1CFD4500573ABA /* ProductListViewController.swift */,
				9BA9E4822A1D0F7200573ABA /* Product.swift */,
				9BA9E4842A1D0F8B00573ABA /* ProductCollectionViewCell.swift */,
			);
			path = ProductList;
			sourceTree = "<group>";
		};
		9BA9E4882A1D174600573ABA /* Basket */ = {
			isa = PBXGroup;
			children = (
				9BA9E47D2A1CF8C100573ABA /* BasketViewController.swift */,
				9BA9E4892A1D177900573ABA /* BasketCell.swift */,
			);
			path = Basket;
			sourceTree = "<group>";
		};
		C38249B05971A92411941C24 /* Frameworks */ = {
			isa = PBXGroup;
			children = (
				CD4DC16C6E8337017DC91984 /* Pods_ArbuzApp.framework */,
			);
			name = Frameworks;
			sourceTree = "<group>";
		};
/* End PBXGroup section */

/* Begin PBXNativeTarget section */
		9BA9E4652A1CF7E000573ABA /* ArbuzApp */ = {
			isa = PBXNativeTarget;
			buildConfigurationList = 9BA9E47A2A1CF7E300573ABA /* Build configuration list for PBXNativeTarget "ArbuzApp" */;
			buildPhases = (
				34F7BC28268E3DE309FC24C7 /* [CP] Check Pods Manifest.lock */,
				9BA9E4622A1CF7E000573ABA /* Sources */,
				9BA9E4632A1CF7E000573ABA /* Frameworks */,
				9BA9E4642A1CF7E000573ABA /* Resources */,
				86FAD0186BF49F778D48908A /* [CP] Embed Pods Frameworks */,
			);
			buildRules = (
			);
			dependencies = (
			);
			name = ArbuzApp;
			productName = ArbuzApp;
			productReference = 9BA9E4662A1CF7E000573ABA /* ArbuzApp.app */;
			productType = "com.apple.product-type.application";
		};
/* End PBXNativeTarget section */

/* Begin PBXProject section */
		9BA9E45E2A1CF7E000573ABA /* Project object */ = {
			isa = PBXProject;
			attributes = {
				BuildIndependentTargetsInParallel = 1;
				LastSwiftUpdateCheck = 1420;
				LastUpgradeCheck = 1420;
				TargetAttributes = {
					9BA9E4652A1CF7E000573ABA = {
						CreatedOnToolsVersion = 14.2;
					};
				};
			};
			buildConfigurationList = 9BA9E4612A1CF7E000573ABA /* Build configuration list for PBXProject "ArbuzApp" */;
			compatibilityVersion = "Xcode 14.0";
			developmentRegion = en;
			hasScannedForEncodings = 0;
			knownRegions = (
				en,
				Base,
			);
			mainGroup = 9BA9E45D2A1CF7E000573ABA;
			productRefGroup = 9BA9E4672A1CF7E000573ABA /* Products */;
			projectDirPath = "";
			projectRoot = "";
			targets = (
				9BA9E4652A1CF7E000573ABA /* ArbuzApp */,
			);
		};
/* End PBXProject section */

/* Begin PBXResourcesBuildPhase section */
		9BA9E4642A1CF7E000573ABA /* Resources */ = {
			isa = PBXResourcesBuildPhase;
			buildActionMask = 2147483647;
			files = (
				9BA9E4762A1CF7E300573ABA /* LaunchScreen.storyboard in Resources */,
				9BA9E4732A1CF7E300573ABA /* Assets.xcassets in Resources */,
			);
			runOnlyForDeploymentPostprocessing = 0;
		};
/* End PBXResourcesBuildPhase section */

/* Begin PBXShellScriptBuildPhase section */
		34F7BC28268E3DE309FC24C7 /* [CP] Check Pods Manifest.lock */ = {
			isa = PBXShellScriptBuildPhase;
			buildActionMask = 12;
			files = (
			);
			inputFileListPaths = (
			);
			inputPaths = (
				"${PODS_PODFILE_DIR_PATH}/Podfile.lock",
				"${PODS_ROOT}/Manifest.lock",
			);
			name = "[CP] Check Pods Manifest.lock";
			outputFileListPaths = (
			);
			outputPaths = (
				"$(DERIVED_FILE_DIR)/Pods-ArbuzApp-checkManifestLockResult.txt",
			);
			runOnlyForDeploymentPostprocessing = 0;
			shellPath = /bin/sh;
			shellScript = "diff \"${PODS_PODFILE_DIR_PATH}/Podfile.lock\" \"${PODS_ROOT}/Manifest.lock\" > /dev/null\nif [ $? != 0 ] ; then\n    # print error to STDERR\n    echo \"error: The sandbox is not in sync with the Podfile.lock. Run 'pod install' or update your CocoaPods installation.\" >&2\n    exit 1\nfi\n# This output is used by Xcode 'outputs' to avoid re-running this script phase.\necho \"SUCCESS\" > \"${SCRIPT_OUTPUT_FILE_0}\"\n";
			showEnvVarsInLog = 0;
		};
		86FAD0186BF49F778D48908A /* [CP] Embed Pods Frameworks */ = {
			isa = PBXShellScriptBuildPhase;
			buildActionMask = 2147483647;
			files = (
			);
			inputFileListPaths = (
				"${PODS_ROOT}/Target Support Files/Pods-ArbuzApp/Pods-ArbuzApp-frameworks-${CONFIGURATION}-input-files.xcfilelist",
			);
			name = "[CP] Embed Pods Frameworks";
			outputFileListPaths = (
				"${PODS_ROOT}/Target Support Files/Pods-ArbuzApp/Pods-ArbuzApp-frameworks-${CONFIGURATION}-output-files.xcfilelist",
			);
			runOnlyForDeploymentPostprocessing = 0;
			shellPath = /bin/sh;
			shellScript = "\"${PODS_ROOT}/Target Support Files/Pods-ArbuzApp/Pods-ArbuzApp-frameworks.sh\"\n";
			showEnvVarsInLog = 0;
		};
/* End PBXShellScriptBuildPhase section */

/* Begin PBXSourcesBuildPhase section */
		9BA9E4622A1CF7E000573ABA /* Sources */ = {
			isa = PBXSourcesBuildPhase;
			buildActionMask = 2147483647;
			files = (
				9BA9E46A2A1CF7E000573ABA /* AppDelegate.swift in Sources */,
				9BA9E4852A1D0F8B00573ABA /* ProductCollectionViewCell.swift in Sources */,
				9BA9E47E2A1CF8C100573ABA /* BasketViewController.swift in Sources */,
				9BA9E46C2A1CF7E000573ABA /* SceneDelegate.swift in Sources */,
				9BA9E4872A1D0FB500573ABA /* ShoppingManager.swift in Sources */,
				9BA9E48A2A1D177900573ABA /* BasketCell.swift in Sources */,
				9BA9E4802A1CFD4500573ABA /* ProductListViewController.swift in Sources */,
				9BA9E4832A1D0F7200573ABA /* Product.swift in Sources */,
			);
			runOnlyForDeploymentPostprocessing = 0;
		};
/* End PBXSourcesBuildPhase section */

/* Begin PBXVariantGroup section */
		9BA9E4742A1CF7E300573ABA /* LaunchScreen.storyboard */ = {
			isa = PBXVariantGroup;
			children = (
				9BA9E4752A1CF7E300573ABA /* Base */,
			);
			name = LaunchScreen.storyboard;
			sourceTree = "<group>";
		};
/* End PBXVariantGroup section */

/* Begin XCBuildConfiguration section */
		9BA9E4782A1CF7E300573ABA /* Debug */ = {
			isa = XCBuildConfiguration;
			buildSettings = {
				ALWAYS_SEARCH_USER_PATHS = NO;
				CLANG_ANALYZER_NONNULL = YES;
				CLANG_ANALYZER_NUMBER_OBJECT_CONVERSION = YES_AGGRESSIVE;
				CLANG_CXX_LANGUAGE_STANDARD = "gnu++20";
				CLANG_ENABLE_MODULES = YES;
				CLANG_ENABLE_OBJC_ARC = YES;
				CLANG_ENABLE_OBJC_WEAK = YES;
				CLANG_WARN_BLOCK_CAPTURE_AUTORELEASING = YES;
				CLANG_WARN_BOOL_CONVERSION = YES;
				CLANG_WARN_COMMA = YES;
				CLANG_WARN_CONSTANT_CONVERSION = YES;
				CLANG_WARN_DEPRECATED_OBJC_IMPLEMENTATIONS = YES;
				CLANG_WARN_DIRECT_OBJC_ISA_USAGE = YES_ERROR;
				CLANG_WARN_DOCUMENTATION_COMMENTS = YES;
				CLANG_WARN_EMPTY_BODY = YES;
				CLANG_WARN_ENUM_CONVERSION = YES;
				CLANG_WARN_INFINITE_RECURSION = YES;
				CLANG_WARN_INT_CONVERSION = YES;
				CLANG_WARN_NON_LITERAL_NULL_CONVERSION = YES;
				CLANG_WARN_OBJC_IMPLICIT_RETAIN_SELF = YES;
				CLANG_WARN_OBJC_LITERAL_CONVERSION = YES;
				CLANG_WARN_OBJC_ROOT_CLASS = YES_ERROR;
				CLANG_WARN_QUOTED_INCLUDE_IN_FRAMEWORK_HEADER = YES;
				CLANG_WARN_RANGE_LOOP_ANALYSIS = YES;
				CLANG_WARN_STRICT_PROTOTYPES = YES;
				CLANG_WARN_SUSPICIOUS_MOVE = YES;
				CLANG_WARN_UNGUARDED_AVAILABILITY = YES_AGGRESSIVE;
				CLANG_WARN_UNREACHABLE_CODE = YES;
				CLANG_WARN__DUPLICATE_METHOD_MATCH = YES;
				COPY_PHASE_STRIP = NO;
				DEBUG_INFORMATION_FORMAT = dwarf;
				ENABLE_STRICT_OBJC_MSGSEND = YES;
				ENABLE_TESTABILITY = YES;
				GCC_C_LANGUAGE_STANDARD = gnu11;
				GCC_DYNAMIC_NO_PIC = NO;
				GCC_NO_COMMON_BLOCKS = YES;
				GCC_OPTIMIZATION_LEVEL = 0;
				GCC_PREPROCESSOR_DEFINITIONS = (
					"DEBUG=1",
					"$(inherited)",
				);
				GCC_WARN_64_TO_32_BIT_CONVERSION = YES;
				GCC_WARN_ABOUT_RETURN_TYPE = YES_ERROR;
				GCC_WARN_UNDECLARED_SELECTOR = YES;
				GCC_WARN_UNINITIALIZED_AUTOS = YES_AGGRESSIVE;
				GCC_WARN_UNUSED_FUNCTION = YES;
				GCC_WARN_UNUSED_VARIABLE = YES;
				IPHONEOS_DEPLOYMENT_TARGET = 13.0;
				MTL_ENABLE_DEBUG_INFO = INCLUDE_SOURCE;
				MTL_FAST_MATH = YES;
				ONLY_ACTIVE_ARCH = YES;
				SDKROOT = iphoneos;
				SWIFT_ACTIVE_COMPILATION_CONDITIONS = DEBUG;
				SWIFT_OPTIMIZATION_LEVEL = "-Onone";
			};
			name = Debug;
		};
		9BA9E4792A1CF7E300573ABA /* Release */ = {
			isa = XCBuildConfiguration;
			buildSettings = {
				ALWAYS_SEARCH_USER_PATHS = NO;
				CLANG_ANALYZER_NONNULL = YES;
				CLANG_ANALYZER_NUMBER_OBJECT_CONVERSION = YES_AGGRESSIVE;
				CLANG_CXX_LANGUAGE_STANDARD = "gnu++20";
				CLANG_ENABLE_MODULES = YES;
				CLANG_ENABLE_OBJC_ARC = YES;
				CLANG_ENABLE_OBJC_WEAK = YES;
				CLANG_WARN_BLOCK_CAPTURE_AUTORELEASING = YES;
				CLANG_WARN_BOOL_CONVERSION = YES;
				CLANG_WARN_COMMA = YES;
				CLANG_WARN_CONSTANT_CONVERSION = YES;
				CLANG_WARN_DEPRECATED_OBJC_IMPLEMENTATIONS = YES;
				CLANG_WARN_DIRECT_OBJC_ISA_USAGE = YES_ERROR;
				CLANG_WARN_DOCUMENTATION_COMMENTS = YES;
				CLANG_WARN_EMPTY_BODY = YES;
				CLANG_WARN_ENUM_CONVERSION = YES;
				CLANG_WARN_INFINITE_RECURSION = YES;
				CLANG_WARN_INT_CONVERSION = YES;
				CLANG_WARN_NON_LITERAL_NULL_CONVERSION = YES;
				CLANG_WARN_OBJC_IMPLICIT_RETAIN_SELF = YES;
				CLANG_WARN_OBJC_LITERAL_CONVERSION = YES;
				CLANG_WARN_OBJC_ROOT_CLASS = YES_ERROR;
				CLANG_WARN_QUOTED_INCLUDE_IN_FRAMEWORK_HEADER = YES;
				CLANG_WARN_RANGE_LOOP_ANALYSIS = YES;
				CLANG_WARN_STRICT_PROTOTYPES = YES;
				CLANG_WARN_SUSPICIOUS_MOVE = YES;
				CLANG_WARN_UNGUARDED_AVAILABILITY = YES_AGGRESSIVE;
				CLANG_WARN_UNREACHABLE_CODE = YES;
				CLANG_WARN__DUPLICATE_METHOD_MATCH = YES;
				COPY_PHASE_STRIP = NO;
				DEBUG_INFORMATION_FORMAT = "dwarf-with-dsym";
				ENABLE_NS_ASSERTIONS = NO;
				ENABLE_STRICT_OBJC_MSGSEND = YES;
				GCC_C_LANGUAGE_STANDARD = gnu11;
				GCC_NO_COMMON_BLOCKS = YES;
				GCC_WARN_64_TO_32_BIT_CONVERSION = YES;
				GCC_WARN_ABOUT_RETURN_TYPE = YES_ERROR;
				GCC_WARN_UNDECLARED_SELECTOR = YES;
				GCC_WARN_UNINITIALIZED_AUTOS = YES_AGGRESSIVE;
				GCC_WARN_UNUSED_FUNCTION = YES;
				GCC_WARN_UNUSED_VARIABLE = YES;
				IPHONEOS_DEPLOYMENT_TARGET = 13.0;
				MTL_ENABLE_DEBUG_INFO = NO;
				MTL_FAST_MATH = YES;
				SDKROOT = iphoneos;
				SWIFT_COMPILATION_MODE = wholemodule;
				SWIFT_OPTIMIZATION_LEVEL = "-O";
				VALIDATE_PRODUCT = YES;
			};
			name = Release;
		};
		9BA9E47B2A1CF7E300573ABA /* Debug */ = {
			isa = XCBuildConfiguration;
			baseConfigurationReference = 09A107727E2DB9A62345C1C9 /* Pods-ArbuzApp.debug.xcconfig */;
			buildSettings = {
				ASSETCATALOG_COMPILER_APPICON_NAME = AppIcon;
				ASSETCATALOG_COMPILER_GLOBAL_ACCENT_COLOR_NAME = AccentColor;
				CODE_SIGN_STYLE = Automatic;
				CURRENT_PROJECT_VERSION = 1;
				GENERATE_INFOPLIST_FILE = YES;
				INFOPLIST_FILE = ArbuzApp/Info.plist;
				INFOPLIST_KEY_UIApplicationSupportsIndirectInputEvents = YES;
				INFOPLIST_KEY_UILaunchStoryboardName = LaunchScreen;
				INFOPLIST_KEY_UISupportedInterfaceOrientations_iPad = "UIInterfaceOrientationPortrait UIInterfaceOrientationPortraitUpsideDown UIInterfaceOrientationLandscapeLeft UIInterfaceOrientationLandscapeRight";
				INFOPLIST_KEY_UISupportedInterfaceOrientations_iPhone = "UIInterfaceOrientationPortrait UIInterfaceOrientationLandscapeLeft UIInterfaceOrientationLandscapeRight";
				LD_RUNPATH_SEARCH_PATHS = (
					"$(inherited)",
					"@executable_path/Frameworks",
				);
				MARKETING_VERSION = 1.0;
				PRODUCT_BUNDLE_IDENTIFIER = com.arbuz.kz.ArbuzApp;
				PRODUCT_NAME = "$(TARGET_NAME)";
				SWIFT_EMIT_LOC_STRINGS = YES;
				SWIFT_VERSION = 5.0;
				TARGETED_DEVICE_FAMILY = "1,2";
			};
			name = Debug;
		};
		9BA9E47C2A1CF7E300573ABA /* Release */ = {
			isa = XCBuildConfiguration;
			baseConfigurationReference = 6F00ECB15FADF115086CC135 /* Pods-ArbuzApp.release.xcconfig */;
			buildSettings = {
				ASSETCATALOG_COMPILER_APPICON_NAME = AppIcon;
				ASSETCATALOG_COMPILER_GLOBAL_ACCENT_COLOR_NAME = AccentColor;
				CODE_SIGN_STYLE = Automatic;
				CURRENT_PROJECT_VERSION = 1;
				GENERATE_INFOPLIST_FILE = YES;
				INFOPLIST_FILE = ArbuzApp/Info.plist;
				INFOPLIST_KEY_UIApplicationSupportsIndirectInputEvents = YES;
				INFOPLIST_KEY_UILaunchStoryboardName = LaunchScreen;
				INFOPLIST_KEY_UISupportedInterfaceOrientations_iPad = "UIInterfaceOrientationPortrait UIInterfaceOrientationPortraitUpsideDown UIInterfaceOrientationLandscapeLeft UIInterfaceOrientationLandscapeRight";
				INFOPLIST_KEY_UISupportedInterfaceOrientations_iPhone = "UIInterfaceOrientationPortrait UIInterfaceOrientationLandscapeLeft UIInterfaceOrientationLandscapeRight";
				LD_RUNPATH_SEARCH_PATHS = (
					"$(inherited)",
					"@executable_path/Frameworks",
				);
				MARKETING_VERSION = 1.0;
				PRODUCT_BUNDLE_IDENTIFIER = com.arbuz.kz.ArbuzApp;
				PRODUCT_NAME = "$(TARGET_NAME)";
				SWIFT_EMIT_LOC_STRINGS = YES;
				SWIFT_VERSION = 5.0;
				TARGETED_DEVICE_FAMILY = "1,2";
			};
			name = Release;
		};
/* End XCBuildConfiguration section */

/* Begin XCConfigurationList section */
		9BA9E4612A1CF7E000573ABA /* Build configuration list for PBXProject "ArbuzApp" */ = {
			isa = XCConfigurationList;
			buildConfigurations = (
				9BA9E4782A1CF7E300573ABA /* Debug */,
				9BA9E4792A1CF7E300573ABA /* Release */,
			);
			defaultConfigurationIsVisible = 0;
			defaultConfigurationName = Release;
		};
		9BA9E47A2A1CF7E300573ABA /* Build configuration list for PBXNativeTarget "ArbuzApp" */ = {
			isa = XCConfigurationList;
			buildConfigurations = (
				9BA9E47B2A1CF7E300573ABA /* Debug */,
				9BA9E47C2A1CF7E300573ABA /* Release */,
			);
			defaultConfigurationIsVisible = 0;
			defaultConfigurationName = Release;
		};
/* End XCConfigurationList section */
	};
	rootObject = 9BA9E45E2A1CF7E000573ABA /* Project object */;
}
